
Microsoft Visual Studio Solution File, Format Version 12.00
# Visual Studio Version 16
VisualStudioVersion = 16.0.29728.190
MinimumVisualStudioVersion = 10.0.40219.1
Project("{888888A0-9F3D-457C-B088-3A5042F75D52}") = "StreamDeck", "StreamDeck\StreamDeck.pyproj", "{AD3BA8C3-92E8-4CE3-8D64-F7EE1549C68F}"
EndProject
Global
	GlobalSection(SolutionConfigurationPlatforms) = preSolution
		Debug|Any CPU = Debug|Any CPU
		Release|Any CPU = Release|Any CPU
	EndGlobalSection
	GlobalSection(ProjectConfigurationPlatforms) = postSolution
		{AD3BA8C3-92E8-4CE3-8D64-F7EE1549C68F}.Debug|Any CPU.ActiveCfg = Debug|Any CPU
		{AD3BA8C3-92E8-4CE3-8D64-F7EE1549C68F}.Release|Any CPU.ActiveCfg = Release|Any CPU
	EndGlobalSection
	GlobalSection(SolutionProperties) = preSolution
		HideSolutionNode = FALSE
	EndGlobalSection
	GlobalSection(ExtensibilityGlobals) = postSolution
		SolutionGuid = {56E20BA2-E26D-4329-8CE7-905771EC8EC5}
	EndGlobalSection
EndGlobal
